
Microsoft Visual Studio Solution File, Format Version 12.00
# Visual Studio Version 16
VisualStudioVersion = 16.0.29519.181
MinimumVisualStudioVersion = 10.0.40219.1
Project("{9A19103F-16F7-4668-BE54-9A1E7A4F7556}") = "EmployeeeManagement", "EmployeeeManagement.csproj", "{FBCB43EA-9A00-4267-A513-26422AB8113B}"
EndProject
Project("{2150E333-8FDC-42A3-9474-1A3956D46DE8}") = "Solution Items", "Solution Items", "{D1A0FA5B-23BC-427A-A9EC-F1EEC001E5BA}"
	ProjectSection(SolutionItems) = preProject
		.editorconfig = .editorconfig
	EndProjectSection
EndProject
Project("{FAE04EC0-301F-11D3-BF4B-00C04F79EFBC}") = "CalculatorWebApplication", "..\CalculatorWebApplication\CalculatorWebApplication.csproj", "{FD445CAF-3C77-4F91-A30B-F149AACEA38F}"
	ProjectSection(ProjectDependencies) = postProject
		{12AC0966-CB68-4104-B2D7-B18AA5E00A5B} = {12AC0966-CB68-4104-B2D7-B18AA5E00A5B}
	EndProjectSection
EndProject
Project("{FAE04EC0-301F-11D3-BF4B-00C04F79EFBC}") = "WebServicesDemo", "..\WebServicesDemo\WebServicesDemo.csproj", "{12AC0966-CB68-4104-B2D7-B18AA5E00A5B}"
EndProject
Project("{FAE04EC0-301F-11D3-BF4B-00C04F79EFBC}") = "MVCDragDropUpload", "..\MVCDragDropUpload\MVCDragDropUpload.csproj", "{0929C744-49CF-4665-8968-F2FCF9C29F4E}"
EndProject
Project("{FAE04EC0-301F-11D3-BF4B-00C04F79EFBC}") = "WebAPIDemo", "..\WebAPIDemo\WebAPIDemo.csproj", "{8B478A23-D712-49C6-9C9C-D0406590AF12}"
EndProject
Global
	GlobalSection(SolutionConfigurationPlatforms) = preSolution
		Debug|Any CPU = Debug|Any CPU
		Release|Any CPU = Release|Any CPU
	EndGlobalSection
	GlobalSection(ProjectConfigurationPlatforms) = postSolution
		{FBCB43EA-9A00-4267-A513-26422AB8113B}.Debug|Any CPU.ActiveCfg = Debug|Any CPU
		{FBCB43EA-9A00-4267-A513-26422AB8113B}.Debug|Any CPU.Build.0 = Debug|Any CPU
		{FBCB43EA-9A00-4267-A513-26422AB8113B}.Release|Any CPU.ActiveCfg = Release|Any CPU
		{FBCB43EA-9A00-4267-A513-26422AB8113B}.Release|Any CPU.Build.0 = Release|Any CPU
		{FD445CAF-3C77-4F91-A30B-F149AACEA38F}.Debug|Any CPU.ActiveCfg = Debug|Any CPU
		{FD445CAF-3C77-4F91-A30B-F149AACEA38F}.Debug|Any CPU.Build.0 = Debug|Any CPU
		{FD445CAF-3C77-4F91-A30B-F149AACEA38F}.Release|Any CPU.ActiveCfg = Release|Any CPU
		{FD445CAF-3C77-4F91-A30B-F149AACEA38F}.Release|Any CPU.Build.0 = Release|Any CPU
		{12AC0966-CB68-4104-B2D7-B18AA5E00A5B}.Debug|Any CPU.ActiveCfg = Debug|Any CPU
		{12AC0966-CB68-4104-B2D7-B18AA5E00A5B}.Debug|Any CPU.Build.0 = Debug|Any CPU
		{12AC0966-CB68-4104-B2D7-B18AA5E00A5B}.Release|Any CPU.ActiveCfg = Release|Any CPU
		{12AC0966-CB68-4104-B2D7-B18AA5E00A5B}.Release|Any CPU.Build.0 = Release|Any CPU
		{0929C744-49CF-4665-8968-F2FCF9C29F4E}.Debug|Any CPU.ActiveCfg = Debug|Any CPU
		{0929C744-49CF-4665-8968-F2FCF9C29F4E}.Debug|Any CPU.Build.0 = Debug|Any CPU
		{0929C744-49CF-4665-8968-F2FCF9C29F4E}.Release|Any CPU.ActiveCfg = Release|Any CPU
		{0929C744-49CF-4665-8968-F2FCF9C29F4E}.Release|Any CPU.Build.0 = Release|Any CPU
		{8B478A23-D712-49C6-9C9C-D0406590AF12}.Debug|Any CPU.ActiveCfg = Debug|Any CPU
		{8B478A23-D712-49C6-9C9C-D0406590AF12}.Debug|Any CPU.Build.0 = Debug|Any CPU
		{8B478A23-D712-49C6-9C9C-D0406590AF12}.Release|Any CPU.ActiveCfg = Release|Any CPU
		{8B478A23-D712-49C6-9C9C-D0406590AF12}.Release|Any CPU.Build.0 = Release|Any CPU
	EndGlobalSection
	GlobalSection(SolutionProperties) = preSolution
		HideSolutionNode = FALSE
	EndGlobalSection
	GlobalSection(ExtensibilityGlobals) = postSolution
		SolutionGuid = {680B7924-06A7-4E4F-9C0B-89D3E3E440F9}
	EndGlobalSection
EndGlobal
